// !$*UTF8*$!
{
	archiveVersion = 1;
	classes = {
	};
	objectVersion = 77;
	objects = {

/* Begin PBXBuildFile section */
		1A66D76A2CEEDFA200BDE735 /* DockSettingsView.swift in Sources */ = {isa = PBXBuildFile; fileRef = 1A66D7692CEEDFA200BDE735 /* DockSettingsView.swift */; };
		1A66D7742CEEE26500BDE735 /* AppStateMonitor.swift in Sources */ = {isa = PBXBuildFile; fileRef = 1A66D7732CEEE26500BDE735 /* AppStateMonitor.swift */; };
		1A66D77A2CEEEFE100BDE735 /* RecentObserver.swift in Sources */ = {isa = PBXBuildFile; fileRef = 1A66D7792CEEEFE100BDE735 /* RecentObserver.swift */; };
		1A66D77C2CEEF1AF00BDE735 /* DockContent.swift in Sources */ = {isa = PBXBuildFile; fileRef = 1A66D77B2CEEF1AF00BDE735 /* DockContent.swift */; };
		1A66D77E2CEEF3F500BDE735 /* EditDockView.swift in Sources */ = {isa = PBXBuildFile; fileRef = 1A66D77D2CEEF3F500BDE735 /* EditDockView.swift */; };
		1A93ED212CED74280064545A /* DockObserver.swift in Sources */ = {isa = PBXBuildFile; fileRef = 1A93ED202CED74280064545A /* DockObserver.swift */; };
		1A93ED232CED7ADE0064545A /* test.swift in Sources */ = {isa = PBXBuildFile; fileRef = 1A93ED222CED7ADD0064545A /* test.swift */; };
		1A93ED282CED8F420064545A /* DockItemsView.swift in Sources */ = {isa = PBXBuildFile; fileRef = 1A93ED272CED8F420064545A /* DockItemsView.swift */; };
		1A93ED2B2CED90530064545A /* DockItemSection.swift in Sources */ = {isa = PBXBuildFile; fileRef = 1A93ED2A2CED90530064545A /* DockItemSection.swift */; };
		1A93ED302CEDA8260064545A /* DockAccessibilityUtil.swift in Sources */ = {isa = PBXBuildFile; fileRef = 1A93ED2F2CEDA8260064545A /* DockAccessibilityUtil.swift */; };
		1AC70B212CEACAA3009BA776 /* DockItem.swift in Sources */ = {isa = PBXBuildFile; fileRef = 1AC70B202CEACAA3009BA776 /* DockItem.swift */; };
		1AC70B272CEAD627009BA776 /* KuchiyoseDockApp.swift in Sources */ = {isa = PBXBuildFile; fileRef = 1AC70B262CEAD627009BA776 /* KuchiyoseDockApp.swift */; };
		1AC70B2A2CEADB39009BA776 /* OnboardingView.swift in Sources */ = {isa = PBXBuildFile; fileRef = 1AC70B292CEADB39009BA776 /* OnboardingView.swift */; };
		1AC70B2C2CEADDB9009BA776 /* HotKeySettings.swift in Sources */ = {isa = PBXBuildFile; fileRef = 1AC70B2B2CEADDB9009BA776 /* HotKeySettings.swift */; };
		1AC70B2F2CEAE7C2009BA776 /* DockSettings.swift in Sources */ = {isa = PBXBuildFile; fileRef = 1AC70B2E2CEAE7C2009BA776 /* DockSettings.swift */; };
		1AC70B312CEAE7CC009BA776 /* AppSettings.swift in Sources */ = {isa = PBXBuildFile; fileRef = 1AC70B302CEAE7CC009BA776 /* AppSettings.swift */; };
		1AEC4EE82CEA9E7500523CC1 /* Preview Assets.xcassets in Resources */ = {isa = PBXBuildFile; fileRef = 1AEC4ED62CEA9E7500523CC1 /* Preview Assets.xcassets */; };
		1AEC4EE92CEA9E7500523CC1 /* Assets.xcassets in Resources */ = {isa = PBXBuildFile; fileRef = 1AEC4EDA2CEA9E7500523CC1 /* Assets.xcassets */; };
		1AEC4EEC2CEA9E7500523CC1 /* ContentView.swift in Sources */ = {isa = PBXBuildFile; fileRef = 1AEC4EDB2CEA9E7500523CC1 /* ContentView.swift */; };
		1AEC4EED2CEA9E7500523CC1 /* CustomDockView.swift in Sources */ = {isa = PBXBuildFile; fileRef = 1AEC4EDC2CEA9E7500523CC1 /* CustomDockView.swift */; };
		1AEC4EF02CEA9E7500523CC1 /* DockItemView.swift in Sources */ = {isa = PBXBuildFile; fileRef = 1AEC4EDF2CEA9E7500523CC1 /* DockItemView.swift */; };
		1AEC4EF22CEA9E7500523CC1 /* GeneralSettingsView.swift in Sources */ = {isa = PBXBuildFile; fileRef = 1AEC4EE12CEA9E7500523CC1 /* GeneralSettingsView.swift */; };
		1AEC4EF42CEA9E7500523CC1 /* SettingsView.swift in Sources */ = {isa = PBXBuildFile; fileRef = 1AEC4EE42CEA9E7500523CC1 /* SettingsView.swift */; };
		1AEC4EF52CEA9E7500523CC1 /* ShortcutsSettingsView.swift in Sources */ = {isa = PBXBuildFile; fileRef = 1AEC4EE52CEA9E7500523CC1 /* ShortcutsSettingsView.swift */; };
		1AEC4EF62CEA9E7500523CC1 /* VisualEffectView.swift in Sources */ = {isa = PBXBuildFile; fileRef = 1AEC4EE62CEA9E7500523CC1 /* VisualEffectView.swift */; };
/* End PBXBuildFile section */

/* Begin PBXContainerItemProxy section */
		1AA9EEEF2CE4019F002D8348 /* PBXContainerItemProxy */ = {
			isa = PBXContainerItemProxy;
			containerPortal = 1AA9EED52CE4019E002D8348 /* Project object */;
			proxyType = 1;
			remoteGlobalIDString = 1AA9EEDC2CE4019E002D8348;
			remoteInfo = KuchiyoseDock;
		};
		1AA9EEF92CE4019F002D8348 /* PBXContainerItemProxy */ = {
			isa = PBXContainerItemProxy;
			containerPortal = 1AA9EED52CE4019E002D8348 /* Project object */;
			proxyType = 1;
			remoteGlobalIDString = 1AA9EEDC2CE4019E002D8348;
			remoteInfo = KuchiyoseDock;
		};
/* End PBXContainerItemProxy section */

/* Begin PBXFileReference section */
		1A66D7692CEEDFA200BDE735 /* DockSettingsView.swift */ = {isa = PBXFileReference; lastKnownFileType = sourcecode.swift; path = DockSettingsView.swift; sourceTree = "<group>"; };
		1A66D7732CEEE26500BDE735 /* AppStateMonitor.swift */ = {isa = PBXFileReference; lastKnownFileType = sourcecode.swift; path = AppStateMonitor.swift; sourceTree = "<group>"; };
		1A66D7792CEEEFE100BDE735 /* RecentObserver.swift */ = {isa = PBXFileReference; lastKnownFileType = sourcecode.swift; path = RecentObserver.swift; sourceTree = "<group>"; };
		1A66D77B2CEEF1AF00BDE735 /* DockContent.swift */ = {isa = PBXFileReference; lastKnownFileType = sourcecode.swift; path = DockContent.swift; sourceTree = "<group>"; };
		1A66D77D2CEEF3F500BDE735 /* EditDockView.swift */ = {isa = PBXFileReference; lastKnownFileType = sourcecode.swift; path = EditDockView.swift; sourceTree = "<group>"; };
		1A93ED202CED74280064545A /* DockObserver.swift */ = {isa = PBXFileReference; lastKnownFileType = sourcecode.swift; path = DockObserver.swift; sourceTree = "<group>"; };
		1A93ED222CED7ADD0064545A /* test.swift */ = {isa = PBXFileReference; lastKnownFileType = sourcecode.swift; path = test.swift; sourceTree = "<group>"; };
		1A93ED272CED8F420064545A /* DockItemsView.swift */ = {isa = PBXFileReference; lastKnownFileType = sourcecode.swift; path = DockItemsView.swift; sourceTree = "<group>"; };
		1A93ED2A2CED90530064545A /* DockItemSection.swift */ = {isa = PBXFileReference; lastKnownFileType = sourcecode.swift; path = DockItemSection.swift; sourceTree = "<group>"; };
		1A93ED2E2CEDA6D70064545A /* Info.plist */ = {isa = PBXFileReference; lastKnownFileType = text.plist; path = Info.plist; sourceTree = "<group>"; };
		1A93ED2F2CEDA8260064545A /* DockAccessibilityUtil.swift */ = {isa = PBXFileReference; lastKnownFileType = sourcecode.swift; path = DockAccessibilityUtil.swift; sourceTree = "<group>"; };
		1AA9EEDD2CE4019E002D8348 /* KuchiyoseDock.app */ = {isa = PBXFileReference; explicitFileType = wrapper.application; includeInIndex = 0; path = KuchiyoseDock.app; sourceTree = BUILT_PRODUCTS_DIR; };
		1AA9EEEE2CE4019F002D8348 /* KuchiyoseDockTests.xctest */ = {isa = PBXFileReference; explicitFileType = wrapper.cfbundle; includeInIndex = 0; path = KuchiyoseDockTests.xctest; sourceTree = BUILT_PRODUCTS_DIR; };
		1AA9EEF82CE4019F002D8348 /* KuchiyoseDockUITests.xctest */ = {isa = PBXFileReference; explicitFileType = wrapper.cfbundle; includeInIndex = 0; path = KuchiyoseDockUITests.xctest; sourceTree = BUILT_PRODUCTS_DIR; };
		1AC70B202CEACAA3009BA776 /* DockItem.swift */ = {isa = PBXFileReference; lastKnownFileType = sourcecode.swift; path = DockItem.swift; sourceTree = "<group>"; };
		1AC70B262CEAD627009BA776 /* KuchiyoseDockApp.swift */ = {isa = PBXFileReference; lastKnownFileType = sourcecode.swift; path = KuchiyoseDockApp.swift; sourceTree = "<group>"; };
		1AC70B292CEADB39009BA776 /* OnboardingView.swift */ = {isa = PBXFileReference; lastKnownFileType = sourcecode.swift; path = OnboardingView.swift; sourceTree = "<group>"; };
		1AC70B2B2CEADDB9009BA776 /* HotKeySettings.swift */ = {isa = PBXFileReference; lastKnownFileType = sourcecode.swift; path = HotKeySettings.swift; sourceTree = "<group>"; };
		1AC70B2E2CEAE7C2009BA776 /* DockSettings.swift */ = {isa = PBXFileReference; lastKnownFileType = sourcecode.swift; path = DockSettings.swift; sourceTree = "<group>"; };
		1AC70B302CEAE7CC009BA776 /* AppSettings.swift */ = {isa = PBXFileReference; lastKnownFileType = sourcecode.swift; path = AppSettings.swift; sourceTree = "<group>"; };
		1AEC4ED62CEA9E7500523CC1 /* Preview Assets.xcassets */ = {isa = PBXFileReference; lastKnownFileType = folder.assetcatalog; path = "Preview Assets.xcassets"; sourceTree = "<group>"; };
		1AEC4EDA2CEA9E7500523CC1 /* Assets.xcassets */ = {isa = PBXFileReference; lastKnownFileType = folder.assetcatalog; path = Assets.xcassets; sourceTree = "<group>"; };
		1AEC4EDB2CEA9E7500523CC1 /* ContentView.swift */ = {isa = PBXFileReference; lastKnownFileType = sourcecode.swift; path = ContentView.swift; sourceTree = "<group>"; };
		1AEC4EDC2CEA9E7500523CC1 /* CustomDockView.swift */ = {isa = PBXFileReference; lastKnownFileType = sourcecode.swift; path = CustomDockView.swift; sourceTree = "<group>"; };
		1AEC4EDF2CEA9E7500523CC1 /* DockItemView.swift */ = {isa = PBXFileReference; lastKnownFileType = sourcecode.swift; path = DockItemView.swift; sourceTree = "<group>"; };
		1AEC4EE12CEA9E7500523CC1 /* GeneralSettingsView.swift */ = {isa = PBXFileReference; lastKnownFileType = sourcecode.swift; path = GeneralSettingsView.swift; sourceTree = "<group>"; };
		1AEC4EE22CEA9E7500523CC1 /* KuchiyoseDock.entitlements */ = {isa = PBXFileReference; lastKnownFileType = text.plist.entitlements; path = KuchiyoseDock.entitlements; sourceTree = "<group>"; };
		1AEC4EE42CEA9E7500523CC1 /* SettingsView.swift */ = {isa = PBXFileReference; lastKnownFileType = sourcecode.swift; path = SettingsView.swift; sourceTree = "<group>"; };
		1AEC4EE52CEA9E7500523CC1 /* ShortcutsSettingsView.swift */ = {isa = PBXFileReference; lastKnownFileType = sourcecode.swift; path = ShortcutsSettingsView.swift; sourceTree = "<group>"; };
		1AEC4EE62CEA9E7500523CC1 /* VisualEffectView.swift */ = {isa = PBXFileReference; lastKnownFileType = sourcecode.swift; path = VisualEffectView.swift; sourceTree = "<group>"; };
/* End PBXFileReference section */

/* Begin PBXFileSystemSynchronizedRootGroup section */
		1AA9EEF12CE4019F002D8348 /* KuchiyoseDockTests */ = {
			isa = PBXFileSystemSynchronizedRootGroup;
			path = KuchiyoseDockTests;
			sourceTree = "<group>";
		};
		1AA9EEFB2CE4019F002D8348 /* KuchiyoseDockUITests */ = {
			isa = PBXFileSystemSynchronizedRootGroup;
			path = KuchiyoseDockUITests;
			sourceTree = "<group>";
		};
/* End PBXFileSystemSynchronizedRootGroup section */

/* Begin PBXFrameworksBuildPhase section */
		1AA9EEDA2CE4019E002D8348 /* Frameworks */ = {
			isa = PBXFrameworksBuildPhase;
			buildActionMask = 2147483647;
			files = (
			);
			runOnlyForDeploymentPostprocessing = 0;
		};
		1AA9EEEB2CE4019F002D8348 /* Frameworks */ = {
			isa = PBXFrameworksBuildPhase;
			buildActionMask = 2147483647;
			files = (
			);
			runOnlyForDeploymentPostprocessing = 0;
		};
		1AA9EEF52CE4019F002D8348 /* Frameworks */ = {
			isa = PBXFrameworksBuildPhase;
			buildActionMask = 2147483647;
			files = (
			);
			runOnlyForDeploymentPostprocessing = 0;
		};
/* End PBXFrameworksBuildPhase section */

/* Begin PBXGroup section */
		1A93ED1F2CED741D0064545A /* Components */ = {
			isa = PBXGroup;
			children = (
			);
			path = Components;
			sourceTree = "<group>";
		};
		1A93ED242CED8E590064545A /* Util */ = {
			isa = PBXGroup;
			children = (
				1A93ED202CED74280064545A /* DockObserver.swift */,
				1A93ED2F2CEDA8260064545A /* DockAccessibilityUtil.swift */,
				1A66D7732CEEE26500BDE735 /* AppStateMonitor.swift */,
				1A66D7792CEEEFE100BDE735 /* RecentObserver.swift */,
			);
			path = Util;
			sourceTree = "<group>";
		};
		1AA9EED42CE4019E002D8348 = {
			isa = PBXGroup;
			children = (
				1AA9EEF12CE4019F002D8348 /* KuchiyoseDockTests */,
				1AA9EEFB2CE4019F002D8348 /* KuchiyoseDockUITests */,
				1AA9EEDE2CE4019E002D8348 /* Products */,
				1AEC4EE72CEA9E7500523CC1 /* KuchiyoseDock */,
			);
			sourceTree = "<group>";
		};
		1AA9EEDE2CE4019E002D8348 /* Products */ = {
			isa = PBXGroup;
			children = (
				1AA9EEDD2CE4019E002D8348 /* KuchiyoseDock.app */,
				1AA9EEEE2CE4019F002D8348 /* KuchiyoseDockTests.xctest */,
				1AA9EEF82CE4019F002D8348 /* KuchiyoseDockUITests.xctest */,
			);
			name = Products;
			sourceTree = "<group>";
		};
		1AC70B1F2CEACA75009BA776 /* Model */ = {
			isa = PBXGroup;
			children = (
				1AC70B202CEACAA3009BA776 /* DockItem.swift */,
			);
			path = Model;
			sourceTree = "<group>";
		};
		1AC70B282CEADB30009BA776 /* Helpers */ = {
			isa = PBXGroup;
			children = (
			);
			path = Helpers;
			sourceTree = "<group>";
		};
		1AC70B2D2CEAE5B1009BA776 /* PermissionViews */ = {
			isa = PBXGroup;
			children = (
				1AC70B292CEADB39009BA776 /* OnboardingView.swift */,
			);
			path = PermissionViews;
			sourceTree = "<group>";
		};
		1AC70B322CEAE7D3009BA776 /* Settings */ = {
			isa = PBXGroup;
			children = (
				1AC70B2B2CEADDB9009BA776 /* HotKeySettings.swift */,
				1AC70B2E2CEAE7C2009BA776 /* DockSettings.swift */,
				1AC70B302CEAE7CC009BA776 /* AppSettings.swift */,
				1A66D77B2CEEF1AF00BDE735 /* DockContent.swift */,
			);
			path = Settings;
			sourceTree = "<group>";
		};
		1AEC4ED72CEA9E7500523CC1 /* Preview Content */ = {
			isa = PBXGroup;
			children = (
				1AEC4ED62CEA9E7500523CC1 /* Preview Assets.xcassets */,
			);
			path = "Preview Content";
			sourceTree = "<group>";
		};
		1AEC4EE72CEA9E7500523CC1 /* KuchiyoseDock */ = {
			isa = PBXGroup;
			children = (
				1A93ED2E2CEDA6D70064545A /* Info.plist */,
				1AC70B262CEAD627009BA776 /* KuchiyoseDockApp.swift */,
				1AEC4EF72CEA9E7800523CC1 /* Views */,
				1AEC4EDA2CEA9E7500523CC1 /* Assets.xcassets */,
				1AEC4EE22CEA9E7500523CC1 /* KuchiyoseDock.entitlements */,
				1AEC4ED72CEA9E7500523CC1 /* Preview Content */,
				1AC70B1F2CEACA75009BA776 /* Model */,
				1AC70B322CEAE7D3009BA776 /* Settings */,
				1A93ED1F2CED741D0064545A /* Components */,
				1A93ED242CED8E590064545A /* Util */,
				1AC70B282CEADB30009BA776 /* Helpers */,
				1A93ED222CED7ADD0064545A /* test.swift */,
			);
			path = KuchiyoseDock;
			sourceTree = "<group>";
		};
		1AEC4EF72CEA9E7800523CC1 /* Views */ = {
			isa = PBXGroup;
			children = (
				1AEC4EDB2CEA9E7500523CC1 /* ContentView.swift */,
				1AC70B2D2CEAE5B1009BA776 /* PermissionViews */,
				1AEC4EF82CEA9EB100523CC1 /* SettingViews */,
			);
			path = Views;
			sourceTree = "<group>";
		};
		1AEC4EF82CEA9EB100523CC1 /* SettingViews */ = {
			isa = PBXGroup;
			children = (
				1AEC4EE42CEA9E7500523CC1 /* SettingsView.swift */,
				1AEC4EE12CEA9E7500523CC1 /* GeneralSettingsView.swift */,
				1AEC4EE52CEA9E7500523CC1 /* ShortcutsSettingsView.swift */,
				1A66D7692CEEDFA200BDE735 /* DockSettingsView.swift */,
				1A66D77D2CEEF3F500BDE735 /* EditDockView.swift */,
				1AEC4EF92CEA9EBC00523CC1 /* DockEditor */,
			);
			path = SettingViews;
			sourceTree = "<group>";
		};
		1AEC4EF92CEA9EBC00523CC1 /* DockEditor */ = {
			isa = PBXGroup;
			children = (
				1AEC4EDC2CEA9E7500523CC1 /* CustomDockView.swift */,
				1AEC4EE62CEA9E7500523CC1 /* VisualEffectView.swift */,
				1A93ED272CED8F420064545A /* DockItemsView.swift */,
				1A93ED2A2CED90530064545A /* DockItemSection.swift */,
				1AEC4EDF2CEA9E7500523CC1 /* DockItemView.swift */,
			);
			path = DockEditor;
			sourceTree = "<group>";
		};
/* End PBXGroup section */

/* Begin PBXNativeTarget section */
		1AA9EEDC2CE4019E002D8348 /* KuchiyoseDock */ = {
			isa = PBXNativeTarget;
			buildConfigurationList = 1AA9EF022CE4019F002D8348 /* Build configuration list for PBXNativeTarget "KuchiyoseDock" */;
			buildPhases = (
				1AA9EED92CE4019E002D8348 /* Sources */,
				1AA9EEDA2CE4019E002D8348 /* Frameworks */,
				1AA9EEDB2CE4019E002D8348 /* Resources */,
			);
			buildRules = (
			);
			dependencies = (
			);
			name = KuchiyoseDock;
			packageProductDependencies = (
			);
			productName = KuchiyoseDock;
			productReference = 1AA9EEDD2CE4019E002D8348 /* KuchiyoseDock.app */;
			productType = "com.apple.product-type.application";
		};
		1AA9EEED2CE4019F002D8348 /* KuchiyoseDockTests */ = {
			isa = PBXNativeTarget;
			buildConfigurationList = 1AA9EF052CE4019F002D8348 /* Build configuration list for PBXNativeTarget "KuchiyoseDockTests" */;
			buildPhases = (
				1AA9EEEA2CE4019F002D8348 /* Sources */,
				1AA9EEEB2CE4019F002D8348 /* Frameworks */,
				1AA9EEEC2CE4019F002D8348 /* Resources */,
			);
			buildRules = (
			);
			dependencies = (
				1AA9EEF02CE4019F002D8348 /* PBXTargetDependency */,
			);
			fileSystemSynchronizedGroups = (
				1AA9EEF12CE4019F002D8348 /* KuchiyoseDockTests */,
			);
			name = KuchiyoseDockTests;
			packageProductDependencies = (
			);
			productName = KuchiyoseDockTests;
			productReference = 1AA9EEEE2CE4019F002D8348 /* KuchiyoseDockTests.xctest */;
			productType = "com.apple.product-type.bundle.unit-test";
		};
		1AA9EEF72CE4019F002D8348 /* KuchiyoseDockUITests */ = {
			isa = PBXNativeTarget;
			buildConfigurationList = 1AA9EF082CE4019F002D8348 /* Build configuration list for PBXNativeTarget "KuchiyoseDockUITests" */;
			buildPhases = (
				1AA9EEF42CE4019F002D8348 /* Sources */,
				1AA9EEF52CE4019F002D8348 /* Frameworks */,
				1AA9EEF62CE4019F002D8348 /* Resources */,
			);
			buildRules = (
			);
			dependencies = (
				1AA9EEFA2CE4019F002D8348 /* PBXTargetDependency */,
			);
			fileSystemSynchronizedGroups = (
				1AA9EEFB2CE4019F002D8348 /* KuchiyoseDockUITests */,
			);
			name = KuchiyoseDockUITests;
			packageProductDependencies = (
			);
			productName = KuchiyoseDockUITests;
			productReference = 1AA9EEF82CE4019F002D8348 /* KuchiyoseDockUITests.xctest */;
			productType = "com.apple.product-type.bundle.ui-testing";
		};
/* End PBXNativeTarget section */

/* Begin PBXProject section */
		1AA9EED52CE4019E002D8348 /* Project object */ = {
			isa = PBXProject;
			attributes = {
				BuildIndependentTargetsInParallel = 1;
				LastSwiftUpdateCheck = 1610;
				LastUpgradeCheck = 1610;
				TargetAttributes = {
					1AA9EEDC2CE4019E002D8348 = {
						CreatedOnToolsVersion = 16.1;
					};
					1AA9EEED2CE4019F002D8348 = {
						CreatedOnToolsVersion = 16.1;
						TestTargetID = 1AA9EEDC2CE4019E002D8348;
					};
					1AA9EEF72CE4019F002D8348 = {
						CreatedOnToolsVersion = 16.1;
						TestTargetID = 1AA9EEDC2CE4019E002D8348;
					};
				};
			};
			buildConfigurationList = 1AA9EED82CE4019E002D8348 /* Build configuration list for PBXProject "KuchiyoseDock" */;
			developmentRegion = en;
			hasScannedForEncodings = 0;
			knownRegions = (
				en,
				Base,
			);
			mainGroup = 1AA9EED42CE4019E002D8348;
			minimizedProjectReferenceProxies = 1;
			preferredProjectObjectVersion = 77;
			productRefGroup = 1AA9EEDE2CE4019E002D8348 /* Products */;
			projectDirPath = "";
			projectRoot = "";
			targets = (
				1AA9EEDC2CE4019E002D8348 /* KuchiyoseDock */,
				1AA9EEED2CE4019F002D8348 /* KuchiyoseDockTests */,
				1AA9EEF72CE4019F002D8348 /* KuchiyoseDockUITests */,
			);
		};
/* End PBXProject section */

/* Begin PBXResourcesBuildPhase section */
		1AA9EEDB2CE4019E002D8348 /* Resources */ = {
			isa = PBXResourcesBuildPhase;
			buildActionMask = 2147483647;
			files = (
				1AEC4EE82CEA9E7500523CC1 /* Preview Assets.xcassets in Resources */,
				1AEC4EE92CEA9E7500523CC1 /* Assets.xcassets in Resources */,
			);
			runOnlyForDeploymentPostprocessing = 0;
		};
		1AA9EEEC2CE4019F002D8348 /* Resources */ = {
			isa = PBXResourcesBuildPhase;
			buildActionMask = 2147483647;
			files = (
			);
			runOnlyForDeploymentPostprocessing = 0;
		};
		1AA9EEF62CE4019F002D8348 /* Resources */ = {
			isa = PBXResourcesBuildPhase;
			buildActionMask = 2147483647;
			files = (
			);
			runOnlyForDeploymentPostprocessing = 0;
		};
/* End PBXResourcesBuildPhase section */

/* Begin PBXSourcesBuildPhase section */
		1AA9EED92CE4019E002D8348 /* Sources */ = {
			isa = PBXSourcesBuildPhase;
			buildActionMask = 2147483647;
			files = (
				1A66D77A2CEEEFE100BDE735 /* RecentObserver.swift in Sources */,
				1AC70B2F2CEAE7C2009BA776 /* DockSettings.swift in Sources */,
				1AEC4EEC2CEA9E7500523CC1 /* ContentView.swift in Sources */,
				1AEC4EED2CEA9E7500523CC1 /* CustomDockView.swift in Sources */,
				1AEC4EF02CEA9E7500523CC1 /* DockItemView.swift in Sources */,
				1A66D77E2CEEF3F500BDE735 /* EditDockView.swift in Sources */,
				1A66D77C2CEEF1AF00BDE735 /* DockContent.swift in Sources */,
				1AEC4EF22CEA9E7500523CC1 /* GeneralSettingsView.swift in Sources */,
				1A66D76A2CEEDFA200BDE735 /* DockSettingsView.swift in Sources */,
				1A93ED232CED7ADE0064545A /* test.swift in Sources */,
				1A93ED282CED8F420064545A /* DockItemsView.swift in Sources */,
				1AEC4EF42CEA9E7500523CC1 /* SettingsView.swift in Sources */,
				1AEC4EF52CEA9E7500523CC1 /* ShortcutsSettingsView.swift in Sources */,
				1A93ED302CEDA8260064545A /* DockAccessibilityUtil.swift in Sources */,
				1A66D7742CEEE26500BDE735 /* AppStateMonitor.swift in Sources */,
				1AEC4EF62CEA9E7500523CC1 /* VisualEffectView.swift in Sources */,
				1AC70B2C2CEADDB9009BA776 /* HotKeySettings.swift in Sources */,
				1AC70B272CEAD627009BA776 /* KuchiyoseDockApp.swift in Sources */,
				1A93ED2B2CED90530064545A /* DockItemSection.swift in Sources */,
				1A93ED212CED74280064545A /* DockObserver.swift in Sources */,
				1AC70B212CEACAA3009BA776 /* DockItem.swift in Sources */,
				1AC70B2A2CEADB39009BA776 /* OnboardingView.swift in Sources */,
				1AC70B312CEAE7CC009BA776 /* AppSettings.swift in Sources */,
			);
			runOnlyForDeploymentPostprocessing = 0;
		};
		1AA9EEEA2CE4019F002D8348 /* Sources */ = {
			isa = PBXSourcesBuildPhase;
			buildActionMask = 2147483647;
			files = (
			);
			runOnlyForDeploymentPostprocessing = 0;
		};
		1AA9EEF42CE4019F002D8348 /* Sources */ = {
			isa = PBXSourcesBuildPhase;
			buildActionMask = 2147483647;
			files = (
			);
			runOnlyForDeploymentPostprocessing = 0;
		};
/* End PBXSourcesBuildPhase section */

/* Begin PBXTargetDependency section */
		1AA9EEF02CE4019F002D8348 /* PBXTargetDependency */ = {
			isa = PBXTargetDependency;
			target = 1AA9EEDC2CE4019E002D8348 /* KuchiyoseDock */;
			targetProxy = 1AA9EEEF2CE4019F002D8348 /* PBXContainerItemProxy */;
		};
		1AA9EEFA2CE4019F002D8348 /* PBXTargetDependency */ = {
			isa = PBXTargetDependency;
			target = 1AA9EEDC2CE4019E002D8348 /* KuchiyoseDock */;
			targetProxy = 1AA9EEF92CE4019F002D8348 /* PBXContainerItemProxy */;
		};
/* End PBXTargetDependency section */

/* Begin XCBuildConfiguration section */
		1AA9EF002CE4019F002D8348 /* Debug */ = {
			isa = XCBuildConfiguration;
			buildSettings = {
				ALWAYS_SEARCH_USER_PATHS = NO;
				ASSETCATALOG_COMPILER_GENERATE_SWIFT_ASSET_SYMBOL_EXTENSIONS = YES;
				CLANG_ANALYZER_NONNULL = YES;
				CLANG_ANALYZER_NUMBER_OBJECT_CONVERSION = YES_AGGRESSIVE;
				CLANG_CXX_LANGUAGE_STANDARD = "gnu++20";
				CLANG_ENABLE_MODULES = YES;
				CLANG_ENABLE_OBJC_ARC = YES;
				CLANG_ENABLE_OBJC_WEAK = YES;
				CLANG_WARN_BLOCK_CAPTURE_AUTORELEASING = YES;
				CLANG_WARN_BOOL_CONVERSION = YES;
				CLANG_WARN_COMMA = YES;
				CLANG_WARN_CONSTANT_CONVERSION = YES;
				CLANG_WARN_DEPRECATED_OBJC_IMPLEMENTATIONS = YES;
				CLANG_WARN_DIRECT_OBJC_ISA_USAGE = YES_ERROR;
				CLANG_WARN_DOCUMENTATION_COMMENTS = YES;
				CLANG_WARN_EMPTY_BODY = YES;
				CLANG_WARN_ENUM_CONVERSION = YES;
				CLANG_WARN_INFINITE_RECURSION = YES;
				CLANG_WARN_INT_CONVERSION = YES;
				CLANG_WARN_NON_LITERAL_NULL_CONVERSION = YES;
				CLANG_WARN_OBJC_IMPLICIT_RETAIN_SELF = YES;
				CLANG_WARN_OBJC_LITERAL_CONVERSION = YES;
				CLANG_WARN_OBJC_ROOT_CLASS = YES_ERROR;
				CLANG_WARN_QUOTED_INCLUDE_IN_FRAMEWORK_HEADER = YES;
				CLANG_WARN_RANGE_LOOP_ANALYSIS = YES;
				CLANG_WARN_STRICT_PROTOTYPES = YES;
				CLANG_WARN_SUSPICIOUS_MOVE = YES;
				CLANG_WARN_UNGUARDED_AVAILABILITY = YES_AGGRESSIVE;
				CLANG_WARN_UNREACHABLE_CODE = YES;
				CLANG_WARN__DUPLICATE_METHOD_MATCH = YES;
				COPY_PHASE_STRIP = NO;
				DEBUG_INFORMATION_FORMAT = dwarf;
				ENABLE_STRICT_OBJC_MSGSEND = YES;
				ENABLE_TESTABILITY = YES;
				ENABLE_USER_SCRIPT_SANDBOXING = YES;
				GCC_C_LANGUAGE_STANDARD = gnu17;
				GCC_DYNAMIC_NO_PIC = NO;
				GCC_NO_COMMON_BLOCKS = YES;
				GCC_OPTIMIZATION_LEVEL = 0;
				GCC_PREPROCESSOR_DEFINITIONS = (
					"DEBUG=1",
					"$(inherited)",
				);
				GCC_WARN_64_TO_32_BIT_CONVERSION = YES;
				GCC_WARN_ABOUT_RETURN_TYPE = YES_ERROR;
				GCC_WARN_UNDECLARED_SELECTOR = YES;
				GCC_WARN_UNINITIALIZED_AUTOS = YES_AGGRESSIVE;
				GCC_WARN_UNUSED_FUNCTION = YES;
				GCC_WARN_UNUSED_VARIABLE = YES;
				LOCALIZATION_PREFERS_STRING_CATALOGS = YES;
				MACOSX_DEPLOYMENT_TARGET = 15.1;
				MTL_ENABLE_DEBUG_INFO = INCLUDE_SOURCE;
				MTL_FAST_MATH = YES;
				ONLY_ACTIVE_ARCH = YES;
				SDKROOT = macosx;
				SWIFT_ACTIVE_COMPILATION_CONDITIONS = "DEBUG $(inherited)";
				SWIFT_OPTIMIZATION_LEVEL = "-Onone";
			};
			name = Debug;
		};
		1AA9EF012CE4019F002D8348 /* Release */ = {
			isa = XCBuildConfiguration;
			buildSettings = {
				ALWAYS_SEARCH_USER_PATHS = NO;
				ASSETCATALOG_COMPILER_GENERATE_SWIFT_ASSET_SYMBOL_EXTENSIONS = YES;
				CLANG_ANALYZER_NONNULL = YES;
				CLANG_ANALYZER_NUMBER_OBJECT_CONVERSION = YES_AGGRESSIVE;
				CLANG_CXX_LANGUAGE_STANDARD = "gnu++20";
				CLANG_ENABLE_MODULES = YES;
				CLANG_ENABLE_OBJC_ARC = YES;
				CLANG_ENABLE_OBJC_WEAK = YES;
				CLANG_WARN_BLOCK_CAPTURE_AUTORELEASING = YES;
				CLANG_WARN_BOOL_CONVERSION = YES;
				CLANG_WARN_COMMA = YES;
				CLANG_WARN_CONSTANT_CONVERSION = YES;
				CLANG_WARN_DEPRECATED_OBJC_IMPLEMENTATIONS = YES;
				CLANG_WARN_DIRECT_OBJC_ISA_USAGE = YES_ERROR;
				CLANG_WARN_DOCUMENTATION_COMMENTS = YES;
				CLANG_WARN_EMPTY_BODY = YES;
				CLANG_WARN_ENUM_CONVERSION = YES;
				CLANG_WARN_INFINITE_RECURSION = YES;
				CLANG_WARN_INT_CONVERSION = YES;
				CLANG_WARN_NON_LITERAL_NULL_CONVERSION = YES;
				CLANG_WARN_OBJC_IMPLICIT_RETAIN_SELF = YES;
				CLANG_WARN_OBJC_LITERAL_CONVERSION = YES;
				CLANG_WARN_OBJC_ROOT_CLASS = YES_ERROR;
				CLANG_WARN_QUOTED_INCLUDE_IN_FRAMEWORK_HEADER = YES;
				CLANG_WARN_RANGE_LOOP_ANALYSIS = YES;
				CLANG_WARN_STRICT_PROTOTYPES = YES;
				CLANG_WARN_SUSPICIOUS_MOVE = YES;
				CLANG_WARN_UNGUARDED_AVAILABILITY = YES_AGGRESSIVE;
				CLANG_WARN_UNREACHABLE_CODE = YES;
				CLANG_WARN__DUPLICATE_METHOD_MATCH = YES;
				COPY_PHASE_STRIP = NO;
				DEBUG_INFORMATION_FORMAT = "dwarf-with-dsym";
				ENABLE_NS_ASSERTIONS = NO;
				ENABLE_STRICT_OBJC_MSGSEND = YES;
				ENABLE_USER_SCRIPT_SANDBOXING = YES;
				GCC_C_LANGUAGE_STANDARD = gnu17;
				GCC_NO_COMMON_BLOCKS = YES;
				GCC_WARN_64_TO_32_BIT_CONVERSION = YES;
				GCC_WARN_ABOUT_RETURN_TYPE = YES_ERROR;
				GCC_WARN_UNDECLARED_SELECTOR = YES;
				GCC_WARN_UNINITIALIZED_AUTOS = YES_AGGRESSIVE;
				GCC_WARN_UNUSED_FUNCTION = YES;
				GCC_WARN_UNUSED_VARIABLE = YES;
				LOCALIZATION_PREFERS_STRING_CATALOGS = YES;
				MACOSX_DEPLOYMENT_TARGET = 15.1;
				MTL_ENABLE_DEBUG_INFO = NO;
				MTL_FAST_MATH = YES;
				SDKROOT = macosx;
				SWIFT_COMPILATION_MODE = wholemodule;
			};
			name = Release;
		};
		1AA9EF032CE4019F002D8348 /* Debug */ = {
			isa = XCBuildConfiguration;
			buildSettings = {
				ASSETCATALOG_COMPILER_APPICON_NAME = AppIcon;
				ASSETCATALOG_COMPILER_GLOBAL_ACCENT_COLOR_NAME = AccentColor;
				CODE_SIGN_ENTITLEMENTS = KuchiyoseDock/KuchiyoseDock.entitlements;
				"CODE_SIGN_IDENTITY[sdk=macosx*]" = "Apple Development";
				CODE_SIGN_STYLE = Automatic;
				COMBINE_HIDPI_IMAGES = YES;
				CURRENT_PROJECT_VERSION = 1;
				DEVELOPMENT_ASSET_PATHS = "\"KuchiyoseDock/Preview Content\"";
				DEVELOPMENT_TEAM = G7ZSY874L2;
				ENABLE_PREVIEWS = YES;
				GENERATE_INFOPLIST_FILE = YES;
				INFOPLIST_FILE = KuchiyoseDock/Info.plist;
				INFOPLIST_KEY_CFBundleDisplayName = KuchiyoseDock;
				INFOPLIST_KEY_LSApplicationCategoryType = "public.app-category.productivity";
				INFOPLIST_KEY_NSAppleEventsUsageDescription = "This app need to know what apps in your dock to make a perfect replicate. Your privacy is in your hands.";
				INFOPLIST_KEY_NSHumanReadableCopyright = "";
				LD_RUNPATH_SEARCH_PATHS = (
					"$(inherited)",
					"@executable_path/../Frameworks",
				);
				MACOSX_DEPLOYMENT_TARGET = 13.5;
				MARKETING_VERSION = 1.0;
				PRODUCT_BUNDLE_IDENTIFIER = geadro.KuchiyoseDock;
				PRODUCT_NAME = "$(TARGET_NAME)";
				SWIFT_EMIT_LOC_STRINGS = YES;
				SWIFT_VERSION = 5.0;
			};
			name = Debug;
		};
		1AA9EF042CE4019F002D8348 /* Release */ = {
			isa = XCBuildConfiguration;
			buildSettings = {
				ASSETCATALOG_COMPILER_APPICON_NAME = AppIcon;
				ASSETCATALOG_COMPILER_GLOBAL_ACCENT_COLOR_NAME = AccentColor;
				CODE_SIGN_ENTITLEMENTS = KuchiyoseDock/KuchiyoseDock.entitlements;
				"CODE_SIGN_IDENTITY[sdk=macosx*]" = "Apple Development";
				CODE_SIGN_STYLE = Automatic;
				COMBINE_HIDPI_IMAGES = YES;
				CURRENT_PROJECT_VERSION = 1;
				DEVELOPMENT_ASSET_PATHS = "\"KuchiyoseDock/Preview Content\"";
				DEVELOPMENT_TEAM = G7ZSY874L2;
				ENABLE_PREVIEWS = YES;
				GENERATE_INFOPLIST_FILE = YES;
				INFOPLIST_FILE = KuchiyoseDock/Info.plist;
				INFOPLIST_KEY_CFBundleDisplayName = KuchiyoseDock;
				INFOPLIST_KEY_LSApplicationCategoryType = "public.app-category.productivity";
				INFOPLIST_KEY_NSAppleEventsUsageDescription = "This app need to know what apps in your dock to make a perfect replicate. Your privacy is in your hands.";
				INFOPLIST_KEY_NSHumanReadableCopyright = "";
				LD_RUNPATH_SEARCH_PATHS = (
					"$(inherited)",
					"@executable_path/../Frameworks",
				);
				MACOSX_DEPLOYMENT_TARGET = 13.5;
				MARKETING_VERSION = 1.0;
				PRODUCT_BUNDLE_IDENTIFIER = geadro.KuchiyoseDock;
				PRODUCT_NAME = "$(TARGET_NAME)";
				SWIFT_EMIT_LOC_STRINGS = YES;
				SWIFT_VERSION = 5.0;
			};
			name = Release;
		};
		1AA9EF062CE4019F002D8348 /* Debug */ = {
			isa = XCBuildConfiguration;
			buildSettings = {
				BUNDLE_LOADER = "$(TEST_HOST)";
				CODE_SIGN_STYLE = Automatic;
				CURRENT_PROJECT_VERSION = 1;
				GENERATE_INFOPLIST_FILE = YES;
				MACOSX_DEPLOYMENT_TARGET = 15.1;
				MARKETING_VERSION = 1.0;
				PRODUCT_BUNDLE_IDENTIFIER = geadro.KuchiyoseDockTests;
				PRODUCT_NAME = "$(TARGET_NAME)";
				SWIFT_EMIT_LOC_STRINGS = NO;
				SWIFT_VERSION = 5.0;
				TEST_HOST = "$(BUILT_PRODUCTS_DIR)/KuchiyoseDock.app/$(BUNDLE_EXECUTABLE_FOLDER_PATH)/KuchiyoseDock";
			};
			name = Debug;
		};
		1AA9EF072CE4019F002D8348 /* Release */ = {
			isa = XCBuildConfiguration;
			buildSettings = {
				BUNDLE_LOADER = "$(TEST_HOST)";
				CODE_SIGN_STYLE = Automatic;
				CURRENT_PROJECT_VERSION = 1;
				GENERATE_INFOPLIST_FILE = YES;
				MACOSX_DEPLOYMENT_TARGET = 15.1;
				MARKETING_VERSION = 1.0;
				PRODUCT_BUNDLE_IDENTIFIER = geadro.KuchiyoseDockTests;
				PRODUCT_NAME = "$(TARGET_NAME)";
				SWIFT_EMIT_LOC_STRINGS = NO;
				SWIFT_VERSION = 5.0;
				TEST_HOST = "$(BUILT_PRODUCTS_DIR)/KuchiyoseDock.app/$(BUNDLE_EXECUTABLE_FOLDER_PATH)/KuchiyoseDock";
			};
			name = Release;
		};
		1AA9EF092CE4019F002D8348 /* Debug */ = {
			isa = XCBuildConfiguration;
			buildSettings = {
				CODE_SIGN_STYLE = Automatic;
				CURRENT_PROJECT_VERSION = 1;
				GENERATE_INFOPLIST_FILE = YES;
				MARKETING_VERSION = 1.0;
				PRODUCT_BUNDLE_IDENTIFIER = geadro.KuchiyoseDockUITests;
				PRODUCT_NAME = "$(TARGET_NAME)";
				SWIFT_EMIT_LOC_STRINGS = NO;
				SWIFT_VERSION = 5.0;
				TEST_TARGET_NAME = KuchiyoseDock;
			};
			name = Debug;
		};
		1AA9EF0A2CE4019F002D8348 /* Release */ = {
			isa = XCBuildConfiguration;
			buildSettings = {
				CODE_SIGN_STYLE = Automatic;
				CURRENT_PROJECT_VERSION = 1;
				GENERATE_INFOPLIST_FILE = YES;
				MARKETING_VERSION = 1.0;
				PRODUCT_BUNDLE_IDENTIFIER = geadro.KuchiyoseDockUITests;
				PRODUCT_NAME = "$(TARGET_NAME)";
				SWIFT_EMIT_LOC_STRINGS = NO;
				SWIFT_VERSION = 5.0;
				TEST_TARGET_NAME = KuchiyoseDock;
			};
			name = Release;
		};
/* End XCBuildConfiguration section */

/* Begin XCConfigurationList section */
		1AA9EED82CE4019E002D8348 /* Build configuration list for PBXProject "KuchiyoseDock" */ = {
			isa = XCConfigurationList;
			buildConfigurations = (
				1AA9EF002CE4019F002D8348 /* Debug */,
				1AA9EF012CE4019F002D8348 /* Release */,
			);
			defaultConfigurationIsVisible = 0;
			defaultConfigurationName = Release;
		};
		1AA9EF022CE4019F002D8348 /* Build configuration list for PBXNativeTarget "KuchiyoseDock" */ = {
			isa = XCConfigurationList;
			buildConfigurations = (
				1AA9EF032CE4019F002D8348 /* Debug */,
				1AA9EF042CE4019F002D8348 /* Release */,
			);
			defaultConfigurationIsVisible = 0;
			defaultConfigurationName = Release;
		};
		1AA9EF052CE4019F002D8348 /* Build configuration list for PBXNativeTarget "KuchiyoseDockTests" */ = {
			isa = XCConfigurationList;
			buildConfigurations = (
				1AA9EF062CE4019F002D8348 /* Debug */,
				1AA9EF072CE4019F002D8348 /* Release */,
			);
			defaultConfigurationIsVisible = 0;
			defaultConfigurationName = Release;
		};
		1AA9EF082CE4019F002D8348 /* Build configuration list for PBXNativeTarget "KuchiyoseDockUITests" */ = {
			isa = XCConfigurationList;
			buildConfigurations = (
				1AA9EF092CE4019F002D8348 /* Debug */,
				1AA9EF0A2CE4019F002D8348 /* Release */,
			);
			defaultConfigurationIsVisible = 0;
			defaultConfigurationName = Release;
		};
/* End XCConfigurationList section */
	};
	rootObject = 1AA9EED52CE4019E002D8348 /* Project object */;
}
